
Microsoft Visual Studio Solution File, Format Version 12.00
# Visual Studio 2013
VisualStudioVersion = 12.0.31101.0
MinimumVisualStudioVersion = 10.0.40219.1
Project("{FAE04EC0-301F-11D3-BF4B-00C04F79EFBC}") = "ZYSocketSuper", "ZYSocketSuper\ZYSocketSuper.csproj", "{78FE6CC1-72B6-4183-A442-210C209F46CA}"
EndProject
Project("{FAE04EC0-301F-11D3-BF4B-00C04F79EFBC}") = "TestClient", "TestClient\TestClient.csproj", "{70C2D1CD-2421-4337-8C2F-8F72F062C31B}"
EndProject
Project("{FAE04EC0-301F-11D3-BF4B-00C04F79EFBC}") = "SSTest", "..\SSTest\SSTest.csproj", "{89E97F6C-4A67-48A0-8588-9895AA4C87BC}"
EndProject
Project("{FAE04EC0-301F-11D3-BF4B-00C04F79EFBC}") = "Server_Form", "..\Server_Form\Server_Form.csproj", "{3BC5C3C5-D664-425F-9836-01761398A2F7}"
EndProject
Project("{FAE04EC0-301F-11D3-BF4B-00C04F79EFBC}") = "NETIOCPSvr", "..\IOCPDemo_NET_V4\NET_Source\NETIOCPSvr\NETIOCPSvr.csproj", "{119D500C-48AA-4C40-8189-0783653F8086}"
EndProject
Global
	GlobalSection(SolutionConfigurationPlatforms) = preSolution
		Debug|Any CPU = Debug|Any CPU
		Debug|Mixed Platforms = Debug|Mixed Platforms
		Debug|x86 = Debug|x86
		Release|Any CPU = Release|Any CPU
		Release|Mixed Platforms = Release|Mixed Platforms
		Release|x86 = Release|x86
	EndGlobalSection
	GlobalSection(ProjectConfigurationPlatforms) = postSolution
		{78FE6CC1-72B6-4183-A442-210C209F46CA}.Debug|Any CPU.ActiveCfg = Debug|Any CPU
		{78FE6CC1-72B6-4183-A442-210C209F46CA}.Debug|Any CPU.Build.0 = Debug|Any CPU
		{78FE6CC1-72B6-4183-A442-210C209F46CA}.Debug|Mixed Platforms.ActiveCfg = Debug|Any CPU
		{78FE6CC1-72B6-4183-A442-210C209F46CA}.Debug|Mixed Platforms.Build.0 = Debug|Any CPU
		{78FE6CC1-72B6-4183-A442-210C209F46CA}.Debug|x86.ActiveCfg = Debug|Any CPU
		{78FE6CC1-72B6-4183-A442-210C209F46CA}.Release|Any CPU.ActiveCfg = Release|Any CPU
		{78FE6CC1-72B6-4183-A442-210C209F46CA}.Release|Any CPU.Build.0 = Release|Any CPU
		{78FE6CC1-72B6-4183-A442-210C209F46CA}.Release|Mixed Platforms.ActiveCfg = Release|Any CPU
		{78FE6CC1-72B6-4183-A442-210C209F46CA}.Release|Mixed Platforms.Build.0 = Release|Any CPU
		{78FE6CC1-72B6-4183-A442-210C209F46CA}.Release|x86.ActiveCfg = Release|Any CPU
		{70C2D1CD-2421-4337-8C2F-8F72F062C31B}.Debug|Any CPU.ActiveCfg = Debug|Any CPU
		{70C2D1CD-2421-4337-8C2F-8F72F062C31B}.Debug|Any CPU.Build.0 = Debug|Any CPU
		{70C2D1CD-2421-4337-8C2F-8F72F062C31B}.Debug|Mixed Platforms.ActiveCfg = Debug|Any CPU
		{70C2D1CD-2421-4337-8C2F-8F72F062C31B}.Debug|Mixed Platforms.Build.0 = Debug|Any CPU
		{70C2D1CD-2421-4337-8C2F-8F72F062C31B}.Debug|x86.ActiveCfg = Debug|Any CPU
		{70C2D1CD-2421-4337-8C2F-8F72F062C31B}.Release|Any CPU.ActiveCfg = Release|Any CPU
		{70C2D1CD-2421-4337-8C2F-8F72F062C31B}.Release|Any CPU.Build.0 = Release|Any CPU
		{70C2D1CD-2421-4337-8C2F-8F72F062C31B}.Release|Mixed Platforms.ActiveCfg = Release|Any CPU
		{70C2D1CD-2421-4337-8C2F-8F72F062C31B}.Release|Mixed Platforms.Build.0 = Release|Any CPU
		{70C2D1CD-2421-4337-8C2F-8F72F062C31B}.Release|x86.ActiveCfg = Release|Any CPU
		{89E97F6C-4A67-48A0-8588-9895AA4C87BC}.Debug|Any CPU.ActiveCfg = Debug|Any CPU
		{89E97F6C-4A67-48A0-8588-9895AA4C87BC}.Debug|Any CPU.Build.0 = Debug|Any CPU
		{89E97F6C-4A67-48A0-8588-9895AA4C87BC}.Debug|Mixed Platforms.ActiveCfg = Debug|Any CPU
		{89E97F6C-4A67-48A0-8588-9895AA4C87BC}.Debug|Mixed Platforms.Build.0 = Debug|Any CPU
		{89E97F6C-4A67-48A0-8588-9895AA4C87BC}.Debug|x86.ActiveCfg = Debug|Any CPU
		{89E97F6C-4A67-48A0-8588-9895AA4C87BC}.Release|Any CPU.ActiveCfg = Release|Any CPU
		{89E97F6C-4A67-48A0-8588-9895AA4C87BC}.Release|Any CPU.Build.0 = Release|Any CPU
		{89E97F6C-4A67-48A0-8588-9895AA4C87BC}.Release|Mixed Platforms.ActiveCfg = Release|Any CPU
		{89E97F6C-4A67-48A0-8588-9895AA4C87BC}.Release|Mixed Platforms.Build.0 = Release|Any CPU
		{89E97F6C-4A67-48A0-8588-9895AA4C87BC}.Release|x86.ActiveCfg = Release|Any CPU
		{3BC5C3C5-D664-425F-9836-01761398A2F7}.Debug|Any CPU.ActiveCfg = Debug|x86
		{3BC5C3C5-D664-425F-9836-01761398A2F7}.Debug|Mixed Platforms.ActiveCfg = Debug|x86
		{3BC5C3C5-D664-425F-9836-01761398A2F7}.Debug|Mixed Platforms.Build.0 = Debug|x86
		{3BC5C3C5-D664-425F-9836-01761398A2F7}.Debug|x86.ActiveCfg = Debug|x86
		{3BC5C3C5-D664-425F-9836-01761398A2F7}.Debug|x86.Build.0 = Debug|x86
		{3BC5C3C5-D664-425F-9836-01761398A2F7}.Release|Any CPU.ActiveCfg = Release|x86
		{3BC5C3C5-D664-425F-9836-01761398A2F7}.Release|Mixed Platforms.ActiveCfg = Release|x86
		{3BC5C3C5-D664-425F-9836-01761398A2F7}.Release|Mixed Platforms.Build.0 = Release|x86
		{3BC5C3C5-D664-425F-9836-01761398A2F7}.Release|x86.ActiveCfg = Release|x86
		{3BC5C3C5-D664-425F-9836-01761398A2F7}.Release|x86.Build.0 = Release|x86
		{119D500C-48AA-4C40-8189-0783653F8086}.Debug|Any CPU.ActiveCfg = Debug|x86
		{119D500C-48AA-4C40-8189-0783653F8086}.Debug|Mixed Platforms.ActiveCfg = Debug|x86
		{119D500C-48AA-4C40-8189-0783653F8086}.Debug|Mixed Platforms.Build.0 = Debug|x86
		{119D500C-48AA-4C40-8189-0783653F8086}.Debug|x86.ActiveCfg = Debug|x86
		{119D500C-48AA-4C40-8189-0783653F8086}.Debug|x86.Build.0 = Debug|x86
		{119D500C-48AA-4C40-8189-0783653F8086}.Release|Any CPU.ActiveCfg = Release|x86
		{119D500C-48AA-4C40-8189-0783653F8086}.Release|Mixed Platforms.ActiveCfg = Release|x86
		{119D500C-48AA-4C40-8189-0783653F8086}.Release|Mixed Platforms.Build.0 = Release|x86
		{119D500C-48AA-4C40-8189-0783653F8086}.Release|x86.ActiveCfg = Release|x86
		{119D500C-48AA-4C40-8189-0783653F8086}.Release|x86.Build.0 = Release|x86
	EndGlobalSection
	GlobalSection(SolutionProperties) = preSolution
		HideSolutionNode = FALSE
	EndGlobalSection
EndGlobal
